
Microsoft Visual Studio Solution File, Format Version 12.00
# Visual Studio Version 17
VisualStudioVersion = 17.3.32901.215
MinimumVisualStudioVersion = 10.0.40219.1
Project("{9A19103F-16F7-4668-BE54-9A1E7A4F7556}") = "MeetingNotesProcessor", "MeetingNotesProcessor\MeetingNotesProcessor.csproj", "{821DF224-F218-44F2-87AB-8F06D3EFA540}"
EndProject
Project("{9A19103F-16F7-4668-BE54-9A1E7A4F7556}") = "EmailProcessor", "EmailProcessor\EmailProcessor.csproj", "{9BC3916C-0D2E-4275-B00C-8FAC298CE5F4}"
EndProject
Project("{9A19103F-16F7-4668-BE54-9A1E7A4F7556}") = "SimpleEchoBot", "SimpleEchoBot\SimpleEchoBot.csproj", "{707E3B11-D81D-47A3-82E9-65A76E596199}"
EndProject
Global
	GlobalSection(SolutionConfigurationPlatforms) = preSolution
		Debug|Any CPU = Debug|Any CPU
		Release|Any CPU = Release|Any CPU
	EndGlobalSection
	GlobalSection(ProjectConfigurationPlatforms) = postSolution
		{821DF224-F218-44F2-87AB-8F06D3EFA540}.Debug|Any CPU.ActiveCfg = Debug|Any CPU
		{821DF224-F218-44F2-87AB-8F06D3EFA540}.Debug|Any CPU.Build.0 = Debug|Any CPU
		{821DF224-F218-44F2-87AB-8F06D3EFA540}.Release|Any CPU.ActiveCfg = Release|Any CPU
		{821DF224-F218-44F2-87AB-8F06D3EFA540}.Release|Any CPU.Build.0 = Release|Any CPU
		{9BC3916C-0D2E-4275-B00C-8FAC298CE5F4}.Debug|Any CPU.ActiveCfg = Debug|Any CPU
		{9BC3916C-0D2E-4275-B00C-8FAC298CE5F4}.Debug|Any CPU.Build.0 = Debug|Any CPU
		{9BC3916C-0D2E-4275-B00C-8FAC298CE5F4}.Release|Any CPU.ActiveCfg = Release|Any CPU
		{9BC3916C-0D2E-4275-B00C-8FAC298CE5F4}.Release|Any CPU.Build.0 = Release|Any CPU
		{707E3B11-D81D-47A3-82E9-65A76E596199}.Debug|Any CPU.ActiveCfg = Debug|Any CPU
		{707E3B11-D81D-47A3-82E9-65A76E596199}.Debug|Any CPU.Build.0 = Debug|Any CPU
		{707E3B11-D81D-47A3-82E9-65A76E596199}.Release|Any CPU.ActiveCfg = Release|Any CPU
		{707E3B11-D81D-47A3-82E9-65A76E596199}.Release|Any CPU.Build.0 = Release|Any CPU
	EndGlobalSection
	GlobalSection(SolutionProperties) = preSolution
		HideSolutionNode = FALSE
	EndGlobalSection
	GlobalSection(ExtensibilityGlobals) = postSolution
		SolutionGuid = {1218698D-3FDD-40C1-A1F2-4800A832684A}
	EndGlobalSection
EndGlobal
